Microsoft Visual Studio Solution File, Format Version 11.00
# Visual Studio 2010
Project("{8BC9CEB8-8B4A-11D0-8D11-00A0C91BC942}") = "05-1 - Managed Wrapper", "05-1 - Managed Wrapper\05-1 - Managed Wrapper.vcxproj", "{CD19466D-08D5-4C21-A8CD-6B9DA53E3644}"
EndProject
Project("{FAE04EC0-301F-11D3-BF4B-00C04F79EFBC}") = "05-2 - CS Client", "05-2 - Client\05-2 - CS Client.csproj", "{E28A6543-E749-4B5C-BB8F-B6F67FE42842}"
EndProject
Project("{8BC9CEB8-8B4A-11D0-8D11-00A0C91BC942}") = "06-2 - CPP Client", "06-2 - CPP Client\06-2 - CPP Client.vcxproj", "{DBF468B0-5C51-42C0-BDAA-55772266B91F}"
EndProject
Project("{FAE04EC0-301F-11D3-BF4B-00C04F79EFBC}") = "06-1 - CS GUI", "06-1 - CS GUI\06-1 - CS GUI.csproj", "{50E0DD7C-D9CE-47F5-97C4-D78332E0855A}"
EndProject
Global
	GlobalSection(SolutionConfigurationPlatforms) = preSolution
		Debug|Any CPU = Debug|Any CPU
		Debug|Mixed Platforms = Debug|Mixed Platforms
		Debug|Win32 = Debug|Win32
		Release|Any CPU = Release|Any CPU
		Release|Mixed Platforms = Release|Mixed Platforms
		Release|Win32 = Release|Win32
	EndGlobalSection
	GlobalSection(ProjectConfigurationPlatforms) = postSolution
		{CD19466D-08D5-4C21-A8CD-6B9DA53E3644}.Debug|Any CPU.ActiveCfg = Debug|Win32
		{CD19466D-08D5-4C21-A8CD-6B9DA53E3644}.Debug|Mixed Platforms.ActiveCfg = Debug|Win32
		{CD19466D-08D5-4C21-A8CD-6B9DA53E3644}.Debug|Mixed Platforms.Build.0 = Debug|Win32
		{CD19466D-08D5-4C21-A8CD-6B9DA53E3644}.Debug|Win32.ActiveCfg = Debug|Win32
		{CD19466D-08D5-4C21-A8CD-6B9DA53E3644}.Debug|Win32.Build.0 = Debug|Win32
		{CD19466D-08D5-4C21-A8CD-6B9DA53E3644}.Release|Any CPU.ActiveCfg = Release|Win32
		{CD19466D-08D5-4C21-A8CD-6B9DA53E3644}.Release|Mixed Platforms.ActiveCfg = Release|Win32
		{CD19466D-08D5-4C21-A8CD-6B9DA53E3644}.Release|Mixed Platforms.Build.0 = Release|Win32
		{CD19466D-08D5-4C21-A8CD-6B9DA53E3644}.Release|Win32.ActiveCfg = Release|Win32
		{CD19466D-08D5-4C21-A8CD-6B9DA53E3644}.Release|Win32.Build.0 = Release|Win32
		{E28A6543-E749-4B5C-BB8F-B6F67FE42842}.Debug|Any CPU.ActiveCfg = Debug|Any CPU
		{E28A6543-E749-4B5C-BB8F-B6F67FE42842}.Debug|Any CPU.Build.0 = Debug|Any CPU
		{E28A6543-E749-4B5C-BB8F-B6F67FE42842}.Debug|Mixed Platforms.ActiveCfg = Debug|Any CPU
		{E28A6543-E749-4B5C-BB8F-B6F67FE42842}.Debug|Mixed Platforms.Build.0 = Debug|Any CPU
		{E28A6543-E749-4B5C-BB8F-B6F67FE42842}.Debug|Win32.ActiveCfg = Debug|Any CPU
		{E28A6543-E749-4B5C-BB8F-B6F67FE42842}.Release|Any CPU.ActiveCfg = Release|Any CPU
		{E28A6543-E749-4B5C-BB8F-B6F67FE42842}.Release|Any CPU.Build.0 = Release|Any CPU
		{E28A6543-E749-4B5C-BB8F-B6F67FE42842}.Release|Mixed Platforms.ActiveCfg = Release|Any CPU
		{E28A6543-E749-4B5C-BB8F-B6F67FE42842}.Release|Mixed Platforms.Build.0 = Release|Any CPU
		{E28A6543-E749-4B5C-BB8F-B6F67FE42842}.Release|Win32.ActiveCfg = Release|Any CPU
		{DBF468B0-5C51-42C0-BDAA-55772266B91F}.Debug|Any CPU.ActiveCfg = Debug|Win32
		{DBF468B0-5C51-42C0-BDAA-55772266B91F}.Debug|Mixed Platforms.ActiveCfg = Debug|Win32
		{DBF468B0-5C51-42C0-BDAA-55772266B91F}.Debug|Mixed Platforms.Build.0 = Debug|Win32
		{DBF468B0-5C51-42C0-BDAA-55772266B91F}.Debug|Win32.ActiveCfg = Debug|Win32
		{DBF468B0-5C51-42C0-BDAA-55772266B91F}.Debug|Win32.Build.0 = Debug|Win32
		{DBF468B0-5C51-42C0-BDAA-55772266B91F}.Release|Any CPU.ActiveCfg = Release|Win32
		{DBF468B0-5C51-42C0-BDAA-55772266B91F}.Release|Mixed Platforms.ActiveCfg = Release|Win32
		{DBF468B0-5C51-42C0-BDAA-55772266B91F}.Release|Mixed Platforms.Build.0 = Release|Win32
		{DBF468B0-5C51-42C0-BDAA-55772266B91F}.Release|Win32.ActiveCfg = Release|Win32
		{DBF468B0-5C51-42C0-BDAA-55772266B91F}.Release|Win32.Build.0 = Release|Win32
		{50E0DD7C-D9CE-47F5-97C4-D78332E0855A}.Debug|Any CPU.ActiveCfg = Debug|Any CPU
		{50E0DD7C-D9CE-47F5-97C4-D78332E0855A}.Debug|Any CPU.Build.0 = Debug|Any CPU
		{50E0DD7C-D9CE-47F5-97C4-D78332E0855A}.Debug|Mixed Platforms.ActiveCfg = Debug|Any CPU
		{50E0DD7C-D9CE-47F5-97C4-D78332E0855A}.Debug|Mixed Platforms.Build.0 = Debug|Any CPU
		{50E0DD7C-D9CE-47F5-97C4-D78332E0855A}.Debug|Win32.ActiveCfg = Debug|Any CPU
		{50E0DD7C-D9CE-47F5-97C4-D78332E0855A}.Release|Any CPU.ActiveCfg = Release|Any CPU
		{50E0DD7C-D9CE-47F5-97C4-D78332E0855A}.Release|Any CPU.Build.0 = Release|Any CPU
		{50E0DD7C-D9CE-47F5-97C4-D78332E0855A}.Release|Mixed Platforms.ActiveCfg = Release|Any CPU
		{50E0DD7C-D9CE-47F5-97C4-D78332E0855A}.Release|Mixed Platforms.Build.0 = Release|Any CPU
		{50E0DD7C-D9CE-47F5-97C4-D78332E0855A}.Release|Win32.ActiveCfg = Release|Any CPU
	EndGlobalSection
	GlobalSection(SolutionProperties) = preSolution
		HideSolutionNode = FALSE
	EndGlobalSection
EndGlobal
