
Microsoft Visual Studio Solution File, Format Version 11.00
# Visual Studio 2010
Project("{FAE04EC0-301F-11D3-BF4B-00C04F79EFBC}") = "01 - LINQ Basics", "01 - LINQ Basics\01 - LINQ Basics.csproj", "{0D86DF4B-5D26-4ED7-B2A1-1E2C567D2D9B}"
EndProject
Project("{FAE04EC0-301F-11D3-BF4B-00C04F79EFBC}") = "02 - Querying Objects", "02 - Querying Objects\02 - Querying Objects.csproj", "{E1DA438A-A044-480E-943B-326F7D2606A6}"
EndProject
Project("{FAE04EC0-301F-11D3-BF4B-00C04F79EFBC}") = "03 - Selection operators", "03 - Selection operators\03 - Selection operators.csproj", "{899D4429-9CE9-44F7-BBE8-A58809522ECF}"
EndProject
Project("{FAE04EC0-301F-11D3-BF4B-00C04F79EFBC}") = "04 - Single value operators", "04 - Single value operators\04 - Single value operators.csproj", "{89FF3E35-A3B1-4D0F-92AA-02AFE824A4BB}"
EndProject
Project("{FAE04EC0-301F-11D3-BF4B-00C04F79EFBC}") = "05 - Set Operations", "05 - Set Operations\05 - Set Operations.csproj", "{0D85C14A-453D-42D0-926F-C311F3321111}"
EndProject
Project("{FAE04EC0-301F-11D3-BF4B-00C04F79EFBC}") = "06 - Sub Queries", "06 - Sub Queries\06 - Sub Queries.csproj", "{C3AE1B2D-1E05-409F-B12B-5D1561CC21D9}"
EndProject
Project("{FAE04EC0-301F-11D3-BF4B-00C04F79EFBC}") = "07 - Chaining Queries", "07 - Chaining Queries\07 - Chaining Queries.csproj", "{B5DEDAA1-3C21-4574-97E2-532D40F73319}"
EndProject
Project("{FAE04EC0-301F-11D3-BF4B-00C04F79EFBC}") = "08 - Let", "08 - Let\08 - Let.csproj", "{3A0F6B9E-C0C9-41C0-9636-BCD8CD6577AE}"
EndProject
Project("{FAE04EC0-301F-11D3-BF4B-00C04F79EFBC}") = "09 - Grouping", "09 - Grouping\09 - Grouping.csproj", "{FD55D0D4-5497-4040-B216-052127E9E0C8}"
EndProject
Project("{FAE04EC0-301F-11D3-BF4B-00C04F79EFBC}") = "10 - SelectMany", "10 - SelectMany\10 - SelectMany.csproj", "{3B7E5E7F-CC48-4BB7-B161-E5508559B0B2}"
EndProject
Project("{FAE04EC0-301F-11D3-BF4B-00C04F79EFBC}") = "11 - Join", "11 - Join\11 - Join.csproj", "{0831A466-0994-46B1-8DC3-1E52577448AF}"
EndProject
Global
	GlobalSection(SolutionConfigurationPlatforms) = preSolution
		Debug|Any CPU = Debug|Any CPU
		Release|Any CPU = Release|Any CPU
	EndGlobalSection
	GlobalSection(ProjectConfigurationPlatforms) = postSolution
		{0D86DF4B-5D26-4ED7-B2A1-1E2C567D2D9B}.Debug|Any CPU.ActiveCfg = Debug|Any CPU
		{0D86DF4B-5D26-4ED7-B2A1-1E2C567D2D9B}.Debug|Any CPU.Build.0 = Debug|Any CPU
		{0D86DF4B-5D26-4ED7-B2A1-1E2C567D2D9B}.Release|Any CPU.ActiveCfg = Release|Any CPU
		{0D86DF4B-5D26-4ED7-B2A1-1E2C567D2D9B}.Release|Any CPU.Build.0 = Release|Any CPU
		{E1DA438A-A044-480E-943B-326F7D2606A6}.Debug|Any CPU.ActiveCfg = Debug|Any CPU
		{E1DA438A-A044-480E-943B-326F7D2606A6}.Debug|Any CPU.Build.0 = Debug|Any CPU
		{E1DA438A-A044-480E-943B-326F7D2606A6}.Release|Any CPU.ActiveCfg = Release|Any CPU
		{E1DA438A-A044-480E-943B-326F7D2606A6}.Release|Any CPU.Build.0 = Release|Any CPU
		{899D4429-9CE9-44F7-BBE8-A58809522ECF}.Debug|Any CPU.ActiveCfg = Debug|Any CPU
		{899D4429-9CE9-44F7-BBE8-A58809522ECF}.Debug|Any CPU.Build.0 = Debug|Any CPU
		{899D4429-9CE9-44F7-BBE8-A58809522ECF}.Release|Any CPU.ActiveCfg = Release|Any CPU
		{899D4429-9CE9-44F7-BBE8-A58809522ECF}.Release|Any CPU.Build.0 = Release|Any CPU
		{89FF3E35-A3B1-4D0F-92AA-02AFE824A4BB}.Debug|Any CPU.ActiveCfg = Debug|Any CPU
		{89FF3E35-A3B1-4D0F-92AA-02AFE824A4BB}.Debug|Any CPU.Build.0 = Debug|Any CPU
		{89FF3E35-A3B1-4D0F-92AA-02AFE824A4BB}.Release|Any CPU.ActiveCfg = Release|Any CPU
		{89FF3E35-A3B1-4D0F-92AA-02AFE824A4BB}.Release|Any CPU.Build.0 = Release|Any CPU
		{0D85C14A-453D-42D0-926F-C311F3321111}.Debug|Any CPU.ActiveCfg = Debug|Any CPU
		{0D85C14A-453D-42D0-926F-C311F3321111}.Debug|Any CPU.Build.0 = Debug|Any CPU
		{0D85C14A-453D-42D0-926F-C311F3321111}.Release|Any CPU.ActiveCfg = Release|Any CPU
		{0D85C14A-453D-42D0-926F-C311F3321111}.Release|Any CPU.Build.0 = Release|Any CPU
		{C3AE1B2D-1E05-409F-B12B-5D1561CC21D9}.Debug|Any CPU.ActiveCfg = Debug|Any CPU
		{C3AE1B2D-1E05-409F-B12B-5D1561CC21D9}.Debug|Any CPU.Build.0 = Debug|Any CPU
		{C3AE1B2D-1E05-409F-B12B-5D1561CC21D9}.Release|Any CPU.ActiveCfg = Release|Any CPU
		{C3AE1B2D-1E05-409F-B12B-5D1561CC21D9}.Release|Any CPU.Build.0 = Release|Any CPU
		{B5DEDAA1-3C21-4574-97E2-532D40F73319}.Debug|Any CPU.ActiveCfg = Debug|Any CPU
		{B5DEDAA1-3C21-4574-97E2-532D40F73319}.Debug|Any CPU.Build.0 = Debug|Any CPU
		{B5DEDAA1-3C21-4574-97E2-532D40F73319}.Release|Any CPU.ActiveCfg = Release|Any CPU
		{B5DEDAA1-3C21-4574-97E2-532D40F73319}.Release|Any CPU.Build.0 = Release|Any CPU
		{3A0F6B9E-C0C9-41C0-9636-BCD8CD6577AE}.Debug|Any CPU.ActiveCfg = Debug|Any CPU
		{3A0F6B9E-C0C9-41C0-9636-BCD8CD6577AE}.Debug|Any CPU.Build.0 = Debug|Any CPU
		{3A0F6B9E-C0C9-41C0-9636-BCD8CD6577AE}.Release|Any CPU.ActiveCfg = Release|Any CPU
		{3A0F6B9E-C0C9-41C0-9636-BCD8CD6577AE}.Release|Any CPU.Build.0 = Release|Any CPU
		{FD55D0D4-5497-4040-B216-052127E9E0C8}.Debug|Any CPU.ActiveCfg = Debug|Any CPU
		{FD55D0D4-5497-4040-B216-052127E9E0C8}.Debug|Any CPU.Build.0 = Debug|Any CPU
		{FD55D0D4-5497-4040-B216-052127E9E0C8}.Release|Any CPU.ActiveCfg = Release|Any CPU
		{FD55D0D4-5497-4040-B216-052127E9E0C8}.Release|Any CPU.Build.0 = Release|Any CPU
		{3B7E5E7F-CC48-4BB7-B161-E5508559B0B2}.Debug|Any CPU.ActiveCfg = Debug|Any CPU
		{3B7E5E7F-CC48-4BB7-B161-E5508559B0B2}.Debug|Any CPU.Build.0 = Debug|Any CPU
		{3B7E5E7F-CC48-4BB7-B161-E5508559B0B2}.Release|Any CPU.ActiveCfg = Release|Any CPU
		{3B7E5E7F-CC48-4BB7-B161-E5508559B0B2}.Release|Any CPU.Build.0 = Release|Any CPU
		{0831A466-0994-46B1-8DC3-1E52577448AF}.Debug|Any CPU.ActiveCfg = Debug|Any CPU
		{0831A466-0994-46B1-8DC3-1E52577448AF}.Debug|Any CPU.Build.0 = Debug|Any CPU
		{0831A466-0994-46B1-8DC3-1E52577448AF}.Release|Any CPU.ActiveCfg = Release|Any CPU
		{0831A466-0994-46B1-8DC3-1E52577448AF}.Release|Any CPU.Build.0 = Release|Any CPU
	EndGlobalSection
	GlobalSection(SolutionProperties) = preSolution
		HideSolutionNode = FALSE
	EndGlobalSection
EndGlobal
