
Microsoft Visual Studio Solution File, Format Version 11.00
# Visual Studio 2010
Project("{FAE04EC0-301F-11D3-BF4B-00C04F79EFBC}") = "TestAssocArrayII", "TestAssocArrayII.csproj", "{4928F37E-BA75-479C-AFB6-CF53EB6C3CFD}"
EndProject
Global
	GlobalSection(SolutionConfigurationPlatforms) = preSolution
		Debug|x86 = Debug|x86
		Release|x86 = Release|x86
	EndGlobalSection
	GlobalSection(ProjectConfigurationPlatforms) = postSolution
		{4928F37E-BA75-479C-AFB6-CF53EB6C3CFD}.Debug|x86.ActiveCfg = Debug|x86
		{4928F37E-BA75-479C-AFB6-CF53EB6C3CFD}.Debug|x86.Build.0 = Debug|x86
		{4928F37E-BA75-479C-AFB6-CF53EB6C3CFD}.Release|x86.ActiveCfg = Release|x86
		{4928F37E-BA75-479C-AFB6-CF53EB6C3CFD}.Release|x86.Build.0 = Release|x86
	EndGlobalSection
	GlobalSection(SolutionProperties) = preSolution
		HideSolutionNode = FALSE
	EndGlobalSection
EndGlobal
