
Microsoft Visual Studio Solution File, Format Version 11.00
# Visual Studio 2010
Project("{FAE04EC0-301F-11D3-BF4B-00C04F79EFBC}") = "TestBinomialOptionPrice", "TestBinomialOptionPrice.csproj", "{9ABA9D24-BE3F-4D2A-97FA-25A66189BAB6}"
EndProject
Global
	GlobalSection(SolutionConfigurationPlatforms) = preSolution
		Debug|x86 = Debug|x86
		Release|x86 = Release|x86
	EndGlobalSection
	GlobalSection(ProjectConfigurationPlatforms) = postSolution
		{9ABA9D24-BE3F-4D2A-97FA-25A66189BAB6}.Debug|x86.ActiveCfg = Debug|x86
		{9ABA9D24-BE3F-4D2A-97FA-25A66189BAB6}.Debug|x86.Build.0 = Debug|x86
		{9ABA9D24-BE3F-4D2A-97FA-25A66189BAB6}.Release|x86.ActiveCfg = Release|x86
		{9ABA9D24-BE3F-4D2A-97FA-25A66189BAB6}.Release|x86.Build.0 = Release|x86
	EndGlobalSection
	GlobalSection(SolutionProperties) = preSolution
		HideSolutionNode = FALSE
	EndGlobalSection
EndGlobal
