
Microsoft Visual Studio Solution File, Format Version 11.00
# Visual Studio 2010
Project("{FAE04EC0-301F-11D3-BF4B-00C04F79EFBC}") = "TestLevMaq101", "TestLevMaq101.csproj", "{3C3A735D-0D69-4C7A-BA3C-0F600DC7A163}"
EndProject
Global
	GlobalSection(SolutionConfigurationPlatforms) = preSolution
		Debug|Any CPU = Debug|Any CPU
		Release|Any CPU = Release|Any CPU
	EndGlobalSection
	GlobalSection(ProjectConfigurationPlatforms) = postSolution
		{3C3A735D-0D69-4C7A-BA3C-0F600DC7A163}.Debug|Any CPU.ActiveCfg = Debug|Any CPU
		{3C3A735D-0D69-4C7A-BA3C-0F600DC7A163}.Debug|Any CPU.Build.0 = Debug|Any CPU
		{3C3A735D-0D69-4C7A-BA3C-0F600DC7A163}.Release|Any CPU.ActiveCfg = Release|Any CPU
		{3C3A735D-0D69-4C7A-BA3C-0F600DC7A163}.Release|Any CPU.Build.0 = Release|Any CPU
	EndGlobalSection
	GlobalSection(SolutionProperties) = preSolution
		HideSolutionNode = FALSE
	EndGlobalSection
EndGlobal
