
Microsoft Visual Studio Solution File, Format Version 11.00
# Visual Studio 2010
Project("{FAE04EC0-301F-11D3-BF4B-00C04F79EFBC}") = "AbortThread", "AbortThread.csproj", "{B7D1E30E-CD37-4ECF-A63C-3DEC245C52C2}"
EndProject
Global
	GlobalSection(SolutionConfigurationPlatforms) = preSolution
		Debug|x86 = Debug|x86
		Release|x86 = Release|x86
	EndGlobalSection
	GlobalSection(ProjectConfigurationPlatforms) = postSolution
		{B7D1E30E-CD37-4ECF-A63C-3DEC245C52C2}.Debug|x86.ActiveCfg = Debug|x86
		{B7D1E30E-CD37-4ECF-A63C-3DEC245C52C2}.Debug|x86.Build.0 = Debug|x86
		{B7D1E30E-CD37-4ECF-A63C-3DEC245C52C2}.Release|x86.ActiveCfg = Release|x86
		{B7D1E30E-CD37-4ECF-A63C-3DEC245C52C2}.Release|x86.Build.0 = Release|x86
	EndGlobalSection
	GlobalSection(SolutionProperties) = preSolution
		HideSolutionNode = FALSE
	EndGlobalSection
EndGlobal
