
Microsoft Visual Studio Solution File, Format Version 11.00
# Visual Studio 2010
Project("{FAE04EC0-301F-11D3-BF4B-00C04F79EFBC}") = "TestPoint", "TestPoint.csproj", "{324E9CC0-653F-40DB-85C8-BD87BDAB82DF}"
EndProject
Global
	GlobalSection(SolutionConfigurationPlatforms) = preSolution
		Debug|Any CPU = Debug|Any CPU
		Release|Any CPU = Release|Any CPU
	EndGlobalSection
	GlobalSection(ProjectConfigurationPlatforms) = postSolution
		{324E9CC0-653F-40DB-85C8-BD87BDAB82DF}.Debug|Any CPU.ActiveCfg = Debug|Any CPU
		{324E9CC0-653F-40DB-85C8-BD87BDAB82DF}.Debug|Any CPU.Build.0 = Debug|Any CPU
		{324E9CC0-653F-40DB-85C8-BD87BDAB82DF}.Release|Any CPU.ActiveCfg = Release|Any CPU
		{324E9CC0-653F-40DB-85C8-BD87BDAB82DF}.Release|Any CPU.Build.0 = Release|Any CPU
	EndGlobalSection
	GlobalSection(SolutionProperties) = preSolution
		HideSolutionNode = FALSE
	EndGlobalSection
EndGlobal
