
Microsoft Visual Studio Solution File, Format Version 11.00
# Visual Studio 2010
Project("{FAE04EC0-301F-11D3-BF4B-00C04F79EFBC}") = "TestProducerConsumer", "TestProducerConsumer.csproj", "{BEE97397-3CBE-4234-A148-0097AE13D07A}"
EndProject
Global
	GlobalSection(SolutionConfigurationPlatforms) = preSolution
		Debug|x86 = Debug|x86
		Release|x86 = Release|x86
	EndGlobalSection
	GlobalSection(ProjectConfigurationPlatforms) = postSolution
		{BEE97397-3CBE-4234-A148-0097AE13D07A}.Debug|x86.ActiveCfg = Debug|x86
		{BEE97397-3CBE-4234-A148-0097AE13D07A}.Debug|x86.Build.0 = Debug|x86
		{BEE97397-3CBE-4234-A148-0097AE13D07A}.Release|x86.ActiveCfg = Release|x86
		{BEE97397-3CBE-4234-A148-0097AE13D07A}.Release|x86.Build.0 = Release|x86
	EndGlobalSection
	GlobalSection(SolutionProperties) = preSolution
		HideSolutionNode = FALSE
	EndGlobalSection
EndGlobal
