
Microsoft Visual Studio Solution File, Format Version 11.00
# Visual Studio 2010
Project("{FAE04EC0-301F-11D3-BF4B-00C04F79EFBC}") = "TestEnum", "TestEnum.csproj", "{FB800C66-3C34-4E86-83CF-0A1CAC6C50FC}"
EndProject
Global
	GlobalSection(SolutionConfigurationPlatforms) = preSolution
		Debug|x86 = Debug|x86
		Release|x86 = Release|x86
	EndGlobalSection
	GlobalSection(ProjectConfigurationPlatforms) = postSolution
		{FB800C66-3C34-4E86-83CF-0A1CAC6C50FC}.Debug|x86.ActiveCfg = Debug|x86
		{FB800C66-3C34-4E86-83CF-0A1CAC6C50FC}.Debug|x86.Build.0 = Debug|x86
		{FB800C66-3C34-4E86-83CF-0A1CAC6C50FC}.Release|x86.ActiveCfg = Release|x86
		{FB800C66-3C34-4E86-83CF-0A1CAC6C50FC}.Release|x86.Build.0 = Release|x86
	EndGlobalSection
	GlobalSection(SolutionProperties) = preSolution
		HideSolutionNode = FALSE
	EndGlobalSection
EndGlobal
