
Microsoft Visual Studio Solution File, Format Version 11.00
# Visual Studio 2010
Project("{FAE04EC0-301F-11D3-BF4B-00C04F79EFBC}") = "TestTimersWrapper", "TestTimersWrapper.csproj", "{5B23BB9E-4959-48F3-9F8E-9C2D6392A54B}"
EndProject
Global
	GlobalSection(SolutionConfigurationPlatforms) = preSolution
		Debug|x86 = Debug|x86
		Release|x86 = Release|x86
	EndGlobalSection
	GlobalSection(ProjectConfigurationPlatforms) = postSolution
		{5B23BB9E-4959-48F3-9F8E-9C2D6392A54B}.Debug|x86.ActiveCfg = Debug|x86
		{5B23BB9E-4959-48F3-9F8E-9C2D6392A54B}.Debug|x86.Build.0 = Debug|x86
		{5B23BB9E-4959-48F3-9F8E-9C2D6392A54B}.Release|x86.ActiveCfg = Release|x86
		{5B23BB9E-4959-48F3-9F8E-9C2D6392A54B}.Release|x86.Build.0 = Release|x86
	EndGlobalSection
	GlobalSection(SolutionProperties) = preSolution
		HideSolutionNode = FALSE
	EndGlobalSection
EndGlobal
