
Microsoft Visual Studio Solution File, Format Version 11.00
# Visual Studio 2010
Project("{FAE04EC0-301F-11D3-BF4B-00C04F79EFBC}") = "CommandLine", "CommandLine\CommandLine.csproj", "{7AE865E3-3D1A-4241-B562-ACB84540218D}"
EndProject
Project("{FAE04EC0-301F-11D3-BF4B-00C04F79EFBC}") = "TestDynamicAssemblyLoading", "TestDynamicAssemblyLoading\TestDynamicAssemblyLoading.csproj", "{E3D66242-0456-4F3E-98D4-3091A14989A3}"
EndProject
Project("{FAE04EC0-301F-11D3-BF4B-00C04F79EFBC}") = "ICalculateDistance", "ICalculateDistance\ICalculateDistance.csproj", "{4EF2B7DF-995D-4FCE-A857-8C7AF6753E64}"
EndProject
Project("{FAE04EC0-301F-11D3-BF4B-00C04F79EFBC}") = "PythagorasDistance", "PythagorasDistance\PythagorasDistance.csproj", "{26D45220-2CCA-47CB-A20F-CA02F39BF073}"
EndProject
Project("{FAE04EC0-301F-11D3-BF4B-00C04F79EFBC}") = "TaxiDriverDistanceCalculation", "TaxiDriverDistanceCalculation\TaxiDriverDistanceCalculation.csproj", "{AF17725A-B2EE-4304-80DB-8B06CC6B368A}"
EndProject
Global
	GlobalSection(SolutionConfigurationPlatforms) = preSolution
		Debug|Any CPU = Debug|Any CPU
		Debug|Mixed Platforms = Debug|Mixed Platforms
		Debug|x86 = Debug|x86
		Release|Any CPU = Release|Any CPU
		Release|Mixed Platforms = Release|Mixed Platforms
		Release|x86 = Release|x86
	EndGlobalSection
	GlobalSection(ProjectConfigurationPlatforms) = postSolution
		{7AE865E3-3D1A-4241-B562-ACB84540218D}.Debug|Any CPU.ActiveCfg = Debug|x86
		{7AE865E3-3D1A-4241-B562-ACB84540218D}.Debug|Mixed Platforms.ActiveCfg = Debug|x86
		{7AE865E3-3D1A-4241-B562-ACB84540218D}.Debug|Mixed Platforms.Build.0 = Debug|x86
		{7AE865E3-3D1A-4241-B562-ACB84540218D}.Debug|x86.ActiveCfg = Debug|x86
		{7AE865E3-3D1A-4241-B562-ACB84540218D}.Debug|x86.Build.0 = Debug|x86
		{7AE865E3-3D1A-4241-B562-ACB84540218D}.Release|Any CPU.ActiveCfg = Release|x86
		{7AE865E3-3D1A-4241-B562-ACB84540218D}.Release|Mixed Platforms.ActiveCfg = Release|x86
		{7AE865E3-3D1A-4241-B562-ACB84540218D}.Release|Mixed Platforms.Build.0 = Release|x86
		{7AE865E3-3D1A-4241-B562-ACB84540218D}.Release|x86.ActiveCfg = Release|x86
		{7AE865E3-3D1A-4241-B562-ACB84540218D}.Release|x86.Build.0 = Release|x86
		{E3D66242-0456-4F3E-98D4-3091A14989A3}.Debug|Any CPU.ActiveCfg = Debug|x86
		{E3D66242-0456-4F3E-98D4-3091A14989A3}.Debug|Mixed Platforms.ActiveCfg = Debug|x86
		{E3D66242-0456-4F3E-98D4-3091A14989A3}.Debug|Mixed Platforms.Build.0 = Debug|x86
		{E3D66242-0456-4F3E-98D4-3091A14989A3}.Debug|x86.ActiveCfg = Debug|x86
		{E3D66242-0456-4F3E-98D4-3091A14989A3}.Debug|x86.Build.0 = Debug|x86
		{E3D66242-0456-4F3E-98D4-3091A14989A3}.Release|Any CPU.ActiveCfg = Release|x86
		{E3D66242-0456-4F3E-98D4-3091A14989A3}.Release|Mixed Platforms.ActiveCfg = Release|x86
		{E3D66242-0456-4F3E-98D4-3091A14989A3}.Release|Mixed Platforms.Build.0 = Release|x86
		{E3D66242-0456-4F3E-98D4-3091A14989A3}.Release|x86.ActiveCfg = Release|x86
		{E3D66242-0456-4F3E-98D4-3091A14989A3}.Release|x86.Build.0 = Release|x86
		{4EF2B7DF-995D-4FCE-A857-8C7AF6753E64}.Debug|Any CPU.ActiveCfg = Debug|Any CPU
		{4EF2B7DF-995D-4FCE-A857-8C7AF6753E64}.Debug|Any CPU.Build.0 = Debug|Any CPU
		{4EF2B7DF-995D-4FCE-A857-8C7AF6753E64}.Debug|Mixed Platforms.ActiveCfg = Debug|Any CPU
		{4EF2B7DF-995D-4FCE-A857-8C7AF6753E64}.Debug|Mixed Platforms.Build.0 = Debug|Any CPU
		{4EF2B7DF-995D-4FCE-A857-8C7AF6753E64}.Debug|x86.ActiveCfg = Debug|Any CPU
		{4EF2B7DF-995D-4FCE-A857-8C7AF6753E64}.Release|Any CPU.ActiveCfg = Release|Any CPU
		{4EF2B7DF-995D-4FCE-A857-8C7AF6753E64}.Release|Any CPU.Build.0 = Release|Any CPU
		{4EF2B7DF-995D-4FCE-A857-8C7AF6753E64}.Release|Mixed Platforms.ActiveCfg = Release|Any CPU
		{4EF2B7DF-995D-4FCE-A857-8C7AF6753E64}.Release|Mixed Platforms.Build.0 = Release|Any CPU
		{4EF2B7DF-995D-4FCE-A857-8C7AF6753E64}.Release|x86.ActiveCfg = Release|Any CPU
		{26D45220-2CCA-47CB-A20F-CA02F39BF073}.Debug|Any CPU.ActiveCfg = Debug|Any CPU
		{26D45220-2CCA-47CB-A20F-CA02F39BF073}.Debug|Any CPU.Build.0 = Debug|Any CPU
		{26D45220-2CCA-47CB-A20F-CA02F39BF073}.Debug|Mixed Platforms.ActiveCfg = Debug|Any CPU
		{26D45220-2CCA-47CB-A20F-CA02F39BF073}.Debug|Mixed Platforms.Build.0 = Debug|Any CPU
		{26D45220-2CCA-47CB-A20F-CA02F39BF073}.Debug|x86.ActiveCfg = Debug|Any CPU
		{26D45220-2CCA-47CB-A20F-CA02F39BF073}.Release|Any CPU.ActiveCfg = Release|Any CPU
		{26D45220-2CCA-47CB-A20F-CA02F39BF073}.Release|Any CPU.Build.0 = Release|Any CPU
		{26D45220-2CCA-47CB-A20F-CA02F39BF073}.Release|Mixed Platforms.ActiveCfg = Release|Any CPU
		{26D45220-2CCA-47CB-A20F-CA02F39BF073}.Release|Mixed Platforms.Build.0 = Release|Any CPU
		{26D45220-2CCA-47CB-A20F-CA02F39BF073}.Release|x86.ActiveCfg = Release|Any CPU
		{AF17725A-B2EE-4304-80DB-8B06CC6B368A}.Debug|Any CPU.ActiveCfg = Debug|Any CPU
		{AF17725A-B2EE-4304-80DB-8B06CC6B368A}.Debug|Any CPU.Build.0 = Debug|Any CPU
		{AF17725A-B2EE-4304-80DB-8B06CC6B368A}.Debug|Mixed Platforms.ActiveCfg = Debug|Any CPU
		{AF17725A-B2EE-4304-80DB-8B06CC6B368A}.Debug|Mixed Platforms.Build.0 = Debug|Any CPU
		{AF17725A-B2EE-4304-80DB-8B06CC6B368A}.Debug|x86.ActiveCfg = Debug|Any CPU
		{AF17725A-B2EE-4304-80DB-8B06CC6B368A}.Release|Any CPU.ActiveCfg = Release|Any CPU
		{AF17725A-B2EE-4304-80DB-8B06CC6B368A}.Release|Any CPU.Build.0 = Release|Any CPU
		{AF17725A-B2EE-4304-80DB-8B06CC6B368A}.Release|Mixed Platforms.ActiveCfg = Release|Any CPU
		{AF17725A-B2EE-4304-80DB-8B06CC6B368A}.Release|Mixed Platforms.Build.0 = Release|Any CPU
		{AF17725A-B2EE-4304-80DB-8B06CC6B368A}.Release|x86.ActiveCfg = Release|Any CPU
	EndGlobalSection
	GlobalSection(SolutionProperties) = preSolution
		HideSolutionNode = FALSE
	EndGlobalSection
EndGlobal
