
Microsoft Visual Studio Solution File, Format Version 11.00
# Visual Studio 2010
Project("{FAE04EC0-301F-11D3-BF4B-00C04F79EFBC}") = "TestBackgroundWorker101", "TestBackgroundWorker101.csproj", "{D9647CA7-2B97-492D-ACCC-81BAE8675F5A}"
EndProject
Global
	GlobalSection(SolutionConfigurationPlatforms) = preSolution
		Debug|x86 = Debug|x86
		Release|x86 = Release|x86
	EndGlobalSection
	GlobalSection(ProjectConfigurationPlatforms) = postSolution
		{D9647CA7-2B97-492D-ACCC-81BAE8675F5A}.Debug|x86.ActiveCfg = Debug|x86
		{D9647CA7-2B97-492D-ACCC-81BAE8675F5A}.Debug|x86.Build.0 = Debug|x86
		{D9647CA7-2B97-492D-ACCC-81BAE8675F5A}.Release|x86.ActiveCfg = Release|x86
		{D9647CA7-2B97-492D-ACCC-81BAE8675F5A}.Release|x86.Build.0 = Release|x86
	EndGlobalSection
	GlobalSection(SolutionProperties) = preSolution
		HideSolutionNode = FALSE
	EndGlobalSection
EndGlobal
